PODS:
  - Alamofire (4.2.0)
  - Crashlytics (3.8.3):
    - Fabric (~> 1.6.3)
  - Fabric (1.6.11)

DEPENDENCIES:
  - Alamofire (~> 4.0)
  - Crashlytics
  - Fabric

SPEC CHECKSUMS:
  Alamofire: aa2e09d871c9160ac53c90e83c68064a94e3dfbe
  Crashlytics: 2b6dbe138a42395577cfa73dfa1aa7248cadf39e
  Fabric: 5911403591946b8228ab1c51d98f1d7137e863c6

PODFILE CHECKSUM: 8235ac610e198130e39cad048b80e357a08ead76

COCOAPODS: 1.1.1
