PODS:
  - Alamofire (3.1.5)
  - Crashlytics (3.7.1):
    - Fabric (~> 1.6.3)
  - Fabric (1.6.4)

DEPENDENCIES:
  - Alamofire (~> 3.0)
  - Crashlytics
  - Fabric

SPEC CHECKSUMS:
  Alamofire: 5f730ba29fd113b7ddd71c1e65d0c630acf5d7b0
  Crashlytics: 3cdd4c9655be68032a0cf0379e0fb5ef6af22cad
  Fabric: ed41fd62173c6bdea24ab02c9d7707161eabb750

COCOAPODS: 0.38.2
